
Microsoft Visual Studio Solution File, Format Version 12.00
# Visual Studio Version 16
VisualStudioVersion = 16.0.30907.101
MinimumVisualStudioVersion = 10.0.40219.1
Project("{FAE04EC0-301F-11D3-BF4B-00C04F79EFBC}") = "KaizenTest", "KaizenTest\KaizenTest.csproj", "{4A1AA1E4-7E85-45FD-9996-FA61AAE1FBFA}"
EndProject
Project("{9A19103F-16F7-4668-BE54-9A1E7A4F7556}") = "WebApplication1", "..\Kaizen\WebApplication1\WebApplication1.csproj", "{4112BE55-6C1A-4AB6-8A1A-9DE46426F05C}"
EndProject
Project("{9A19103F-16F7-4668-BE54-9A1E7A4F7556}") = "TestDocs", "..\TestDocs\TestDocs\TestDocs.csproj", "{CF544BB2-5B75-4FB3-9E67-B3A0A984496F}"
EndProject
Global
	GlobalSection(SolutionConfigurationPlatforms) = preSolution
		Debug|Any CPU = Debug|Any CPU
		Release|Any CPU = Release|Any CPU
	EndGlobalSection
	GlobalSection(ProjectConfigurationPlatforms) = postSolution
		{4A1AA1E4-7E85-45FD-9996-FA61AAE1FBFA}.Debug|Any CPU.ActiveCfg = Debug|Any CPU
		{4A1AA1E4-7E85-45FD-9996-FA61AAE1FBFA}.Debug|Any CPU.Build.0 = Debug|Any CPU
		{4A1AA1E4-7E85-45FD-9996-FA61AAE1FBFA}.Release|Any CPU.ActiveCfg = Release|Any CPU
		{4A1AA1E4-7E85-45FD-9996-FA61AAE1FBFA}.Release|Any CPU.Build.0 = Release|Any CPU
		{4112BE55-6C1A-4AB6-8A1A-9DE46426F05C}.Debug|Any CPU.ActiveCfg = Debug|Any CPU
		{4112BE55-6C1A-4AB6-8A1A-9DE46426F05C}.Debug|Any CPU.Build.0 = Debug|Any CPU
		{4112BE55-6C1A-4AB6-8A1A-9DE46426F05C}.Release|Any CPU.ActiveCfg = Release|Any CPU
		{4112BE55-6C1A-4AB6-8A1A-9DE46426F05C}.Release|Any CPU.Build.0 = Release|Any CPU
		{CF544BB2-5B75-4FB3-9E67-B3A0A984496F}.Debug|Any CPU.ActiveCfg = Debug|Any CPU
		{CF544BB2-5B75-4FB3-9E67-B3A0A984496F}.Debug|Any CPU.Build.0 = Debug|Any CPU
		{CF544BB2-5B75-4FB3-9E67-B3A0A984496F}.Release|Any CPU.ActiveCfg = Release|Any CPU
		{CF544BB2-5B75-4FB3-9E67-B3A0A984496F}.Release|Any CPU.Build.0 = Release|Any CPU
	EndGlobalSection
	GlobalSection(SolutionProperties) = preSolution
		HideSolutionNode = FALSE
	EndGlobalSection
	GlobalSection(ExtensibilityGlobals) = postSolution
		SolutionGuid = {5545C834-C93D-48FF-B1CB-ABD84DC90A1C}
	EndGlobalSection
EndGlobal
