
Microsoft Visual Studio Solution File, Format Version 12.00
# Visual Studio Version 16
VisualStudioVersion = 16.0.30907.101
MinimumVisualStudioVersion = 10.0.40219.1
Project("{9A19103F-16F7-4668-BE54-9A1E7A4F7556}") = "KaizenTest", "KaizenTest\KaizenTest.csproj", "{4A1AA1E4-7E85-45FD-9996-FA61AAE1FBFA}"
EndProject
Global
	GlobalSection(SolutionConfigurationPlatforms) = preSolution
		Debug|Any CPU = Debug|Any CPU
		Release|Any CPU = Release|Any CPU
	EndGlobalSection
	GlobalSection(ProjectConfigurationPlatforms) = postSolution
		{4A1AA1E4-7E85-45FD-9996-FA61AAE1FBFA}.Debug|Any CPU.ActiveCfg = Debug|Any CPU
		{4A1AA1E4-7E85-45FD-9996-FA61AAE1FBFA}.Debug|Any CPU.Build.0 = Debug|Any CPU
		{4A1AA1E4-7E85-45FD-9996-FA61AAE1FBFA}.Release|Any CPU.ActiveCfg = Release|Any CPU
		{4A1AA1E4-7E85-45FD-9996-FA61AAE1FBFA}.Release|Any CPU.Build.0 = Release|Any CPU
	EndGlobalSection
	GlobalSection(SolutionProperties) = preSolution
		HideSolutionNode = FALSE
	EndGlobalSection
	GlobalSection(ExtensibilityGlobals) = postSolution
		SolutionGuid = {5545C834-C93D-48FF-B1CB-ABD84DC90A1C}
	EndGlobalSection
EndGlobal
